
Microsoft Visual Studio Solution File, Format Version 11.00
# Visual Studio 2010
Project("{F184B08F-C81C-45F6-A57F-5ABD9991F28F}") = "Voice_aided_ATM", "Voice_aided_ATM\Voice_aided_ATM.vbproj", "{ACE56811-69F6-4B11-B5BC-6A78C3F456BE}"
EndProject
Global
	GlobalSection(SolutionConfigurationPlatforms) = preSolution
		Debug|x86 = Debug|x86
		Release|x86 = Release|x86
	EndGlobalSection
	GlobalSection(ProjectConfigurationPlatforms) = postSolution
		{ACE56811-69F6-4B11-B5BC-6A78C3F456BE}.Debug|x86.ActiveCfg = Debug|x86
		{ACE56811-69F6-4B11-B5BC-6A78C3F456BE}.Debug|x86.Build.0 = Debug|x86
		{ACE56811-69F6-4B11-B5BC-6A78C3F456BE}.Release|x86.ActiveCfg = Release|x86
		{ACE56811-69F6-4B11-B5BC-6A78C3F456BE}.Release|x86.Build.0 = Release|x86
	EndGlobalSection
	GlobalSection(SolutionProperties) = preSolution
		HideSolutionNode = FALSE
	EndGlobalSection
EndGlobal
